// !$*UTF8*$!
{
	archiveVersion = 1;
	classes = {
	};
	objectVersion = 46;
	objects = {

/* Begin PBXBuildFile section */
		040AF38315D711560046A0B5 /* IAViewController.xib in Resources */ = {isa = PBXBuildFile; fileRef = 040AF38115D711560046A0B5 /* IAViewController.xib */; };
		040AF39A15D761000046A0B5 /* IAAbsolutePosition.m in Sources */ = {isa = PBXBuildFile; fileRef = 040AF39915D761000046A0B5 /* IAAbsolutePosition.m */; };
		040AF39D15D761CF0046A0B5 /* IAMove.m in Sources */ = {isa = PBXBuildFile; fileRef = 040AF39C15D761CF0046A0B5 /* IAMove.m */; };
		04101DC615E43FEC006FB070 /* SenTestingKit.framework in Frameworks */ = {isa = PBXBuildFile; fileRef = 04101DC515E43FEC006FB070 /* SenTestingKit.framework */; };
		04101DC715E43FEC006FB070 /* UIKit.framework in Frameworks */ = {isa = PBXBuildFile; fileRef = 041C976515CF4A5700E70EFC /* UIKit.framework */; };
		04101DC815E43FEC006FB070 /* Foundation.framework in Frameworks */ = {isa = PBXBuildFile; fileRef = 041C976715CF4A5700E70EFC /* Foundation.framework */; };
		04101DD815E4425A006FB070 /* IAAbsolutePosition.m in Sources */ = {isa = PBXBuildFile; fileRef = 040AF39915D761000046A0B5 /* IAAbsolutePosition.m */; };
		04101DE015E44A19006FB070 /* UIKit.framework in Frameworks */ = {isa = PBXBuildFile; fileRef = 041C976515CF4A5700E70EFC /* UIKit.framework */; };
		04101DE115E44A19006FB070 /* Foundation.framework in Frameworks */ = {isa = PBXBuildFile; fileRef = 041C976715CF4A5700E70EFC /* Foundation.framework */; };
		04101DE715E44A19006FB070 /* InfoPlist.strings in Resources */ = {isa = PBXBuildFile; fileRef = 04101DE515E44A19006FB070 /* InfoPlist.strings */; };
		04101DEA15E44A19006FB070 /* IABoardTests.m in Sources */ = {isa = PBXBuildFile; fileRef = 04101DE915E44A19006FB070 /* IABoardTests.m */; };
		04101DEF15E44B31006FB070 /* IABoard.m in Sources */ = {isa = PBXBuildFile; fileRef = 04FB34B915E2E16F006EA792 /* IABoard.m */; };
		04101DF015E455B7006FB070 /* IAAbsolutePosition.m in Sources */ = {isa = PBXBuildFile; fileRef = 040AF39915D761000046A0B5 /* IAAbsolutePosition.m */; };
		041C976615CF4A5700E70EFC /* UIKit.framework in Frameworks */ = {isa = PBXBuildFile; fileRef = 041C976515CF4A5700E70EFC /* UIKit.framework */; };
		041C976815CF4A5700E70EFC /* Foundation.framework in Frameworks */ = {isa = PBXBuildFile; fileRef = 041C976715CF4A5700E70EFC /* Foundation.framework */; };
		041C976A15CF4A5700E70EFC /* CoreGraphics.framework in Frameworks */ = {isa = PBXBuildFile; fileRef = 041C976915CF4A5700E70EFC /* CoreGraphics.framework */; };
		041C977015CF4A5700E70EFC /* InfoPlist.strings in Resources */ = {isa = PBXBuildFile; fileRef = 041C976E15CF4A5700E70EFC /* InfoPlist.strings */; };
		041C977215CF4A5700E70EFC /* main.m in Sources */ = {isa = PBXBuildFile; fileRef = 041C977115CF4A5700E70EFC /* main.m */; };
		041C977615CF4A5700E70EFC /* IAAppDelegate.m in Sources */ = {isa = PBXBuildFile; fileRef = 041C977515CF4A5700E70EFC /* IAAppDelegate.m */; };
		041C977915CF4A5800E70EFC /* IAViewController.m in Sources */ = {isa = PBXBuildFile; fileRef = 041C977815CF4A5800E70EFC /* IAViewController.m */; };
		042F9A2C15EECD2300B737A3 /* IAGameObject.m in Sources */ = {isa = PBXBuildFile; fileRef = 04A0912915EE692A00FE9410 /* IAGameObject.m */; };
		042F9A2E15EECD2B00B737A3 /* IAAbsolutePosition.m in Sources */ = {isa = PBXBuildFile; fileRef = 040AF39915D761000046A0B5 /* IAAbsolutePosition.m */; };
		042F9A2F15EECD3100B737A3 /* IAMove.m in Sources */ = {isa = PBXBuildFile; fileRef = 040AF39C15D761CF0046A0B5 /* IAMove.m */; };
		042F9A3015EECD4400B737A3 /* IABoard.m in Sources */ = {isa = PBXBuildFile; fileRef = 04FB34B915E2E16F006EA792 /* IABoard.m */; };
		0433D4AB16064FE800568F3D /* IAHistory.m in Sources */ = {isa = PBXBuildFile; fileRef = 043C63771605FC2700763717 /* IAHistory.m */; };
		0433D4AD16064FF700568F3D /* IAHistoryPoint.m in Sources */ = {isa = PBXBuildFile; fileRef = 043C63731605F87F00763717 /* IAHistoryPoint.m */; };
		043C63741605F87F00763717 /* IAHistoryPoint.m in Sources */ = {isa = PBXBuildFile; fileRef = 043C63731605F87F00763717 /* IAHistoryPoint.m */; };
		043C63781605FC2700763717 /* IAHistory.m in Sources */ = {isa = PBXBuildFile; fileRef = 043C63771605FC2700763717 /* IAHistory.m */; };
		043C637B1606002B00763717 /* IABoardPosition.m in Sources */ = {isa = PBXBuildFile; fileRef = 043C637A1606002A00763717 /* IABoardPosition.m */; };
		043C638516061FC800763717 /* IABoardPosition.m in Sources */ = {isa = PBXBuildFile; fileRef = 043C637A1606002A00763717 /* IABoardPosition.m */; };
		043C638616061FC900763717 /* IABoardPosition.m in Sources */ = {isa = PBXBuildFile; fileRef = 043C637A1606002A00763717 /* IABoardPosition.m */; };
		045F233E160BCD030036E399 /* IARuleEngine.m in Sources */ = {isa = PBXBuildFile; fileRef = 040AF39F15D762950046A0B5 /* IARuleEngine.m */; };
		04A0912015EE66CF00FE9410 /* InfoPlist.strings in Resources */ = {isa = PBXBuildFile; fileRef = 04A0911A15EE66CF00FE9410 /* InfoPlist.strings */; };
		04A0912115EE66CF00FE9410 /* IAGameObjectTests-Info.plist in Resources */ = {isa = PBXBuildFile; fileRef = 04A0911C15EE66CF00FE9410 /* IAGameObjectTests-Info.plist */; };
		04A0912215EE66CF00FE9410 /* IAGameObjectTests.m in Sources */ = {isa = PBXBuildFile; fileRef = 04A0911F15EE66CF00FE9410 /* IAGameObjectTests.m */; };
		04A0912615EE684200FE9410 /* SenTestingKit.framework in Frameworks */ = {isa = PBXBuildFile; fileRef = 04101DC515E43FEC006FB070 /* SenTestingKit.framework */; settings = {ATTRIBUTES = (Required, ); }; };
		04A0912715EE688C00FE9410 /* IAGameObjectTests.m in Sources */ = {isa = PBXBuildFile; fileRef = 04A0911F15EE66CF00FE9410 /* IAGameObjectTests.m */; };
		04A0912A15EE692A00FE9410 /* IAGameObject.m in Sources */ = {isa = PBXBuildFile; fileRef = 04A0912915EE692A00FE9410 /* IAGameObject.m */; };
		04A0912B15EE692A00FE9410 /* IAGameObject.m in Sources */ = {isa = PBXBuildFile; fileRef = 04A0912915EE692A00FE9410 /* IAGameObject.m */; };
		04A0912C15EE6AF200FE9410 /* SenTestingKit.framework in Frameworks */ = {isa = PBXBuildFile; fileRef = 04101DC515E43FEC006FB070 /* SenTestingKit.framework */; };
		04A0912F15EE763100FE9410 /* IATorpedo.m in Sources */ = {isa = PBXBuildFile; fileRef = 04A0912E15EE763000FE9410 /* IATorpedo.m */; };
		04A0913015EE763100FE9410 /* IATorpedo.m in Sources */ = {isa = PBXBuildFile; fileRef = 04A0912E15EE763000FE9410 /* IATorpedo.m */; };
		04A0913715EE965900FE9410 /* SenTestingKit.framework in Frameworks */ = {isa = PBXBuildFile; fileRef = 04101DC515E43FEC006FB070 /* SenTestingKit.framework */; };
		04A0913815EE965900FE9410 /* UIKit.framework in Frameworks */ = {isa = PBXBuildFile; fileRef = 041C976515CF4A5700E70EFC /* UIKit.framework */; };
		04A0913915EE965900FE9410 /* Foundation.framework in Frameworks */ = {isa = PBXBuildFile; fileRef = 041C976715CF4A5700E70EFC /* Foundation.framework */; };
		04A0913F15EE965900FE9410 /* InfoPlist.strings in Resources */ = {isa = PBXBuildFile; fileRef = 04A0913D15EE965900FE9410 /* InfoPlist.strings */; };
		04A0914215EE965900FE9410 /* IATorpedoTests.m in Sources */ = {isa = PBXBuildFile; fileRef = 04A0914115EE965900FE9410 /* IATorpedoTests.m */; };
		04A0914715EE986E00FE9410 /* IATorpedo.m in Sources */ = {isa = PBXBuildFile; fileRef = 04A0912E15EE763000FE9410 /* IATorpedo.m */; };
		04A0914815EE990400FE9410 /* IAAbsolutePosition.m in Sources */ = {isa = PBXBuildFile; fileRef = 040AF39915D761000046A0B5 /* IAAbsolutePosition.m */; };
		04A0914915EE990900FE9410 /* IAGameObject.m in Sources */ = {isa = PBXBuildFile; fileRef = 04A0912915EE692A00FE9410 /* IAGameObject.m */; };
		04A0915015EEB21E00FE9410 /* SenTestingKit.framework in Frameworks */ = {isa = PBXBuildFile; fileRef = 04101DC515E43FEC006FB070 /* SenTestingKit.framework */; };
		04A0915115EEB21E00FE9410 /* UIKit.framework in Frameworks */ = {isa = PBXBuildFile; fileRef = 041C976515CF4A5700E70EFC /* UIKit.framework */; };
		04A0915215EEB21E00FE9410 /* Foundation.framework in Frameworks */ = {isa = PBXBuildFile; fileRef = 041C976715CF4A5700E70EFC /* Foundation.framework */; };
		04A0915815EEB21E00FE9410 /* InfoPlist.strings in Resources */ = {isa = PBXBuildFile; fileRef = 04A0915615EEB21E00FE9410 /* InfoPlist.strings */; };
		04A0915B15EEB21E00FE9410 /* IARuleEngineTests.m in Sources */ = {isa = PBXBuildFile; fileRef = 04A0915A15EEB21E00FE9410 /* IARuleEngineTests.m */; };
		04A0916015EEB23800FE9410 /* IARuleEngine.m in Sources */ = {isa = PBXBuildFile; fileRef = 040AF39F15D762950046A0B5 /* IARuleEngine.m */; };
		04CF5824160BE56100EF5422 /* CoreGraphics.framework in Frameworks */ = {isa = PBXBuildFile; fileRef = 041C976915CF4A5700E70EFC /* CoreGraphics.framework */; };
		04FB34BA15E2E16F006EA792 /* IABoard.m in Sources */ = {isa = PBXBuildFile; fileRef = 04FB34B915E2E16F006EA792 /* IABoard.m */; };
		04FF96D515D2174200C46F7C /* CocoaLumberjackCustomFormatter.m in Sources */ = {isa = PBXBuildFile; fileRef = 04FF96D415D2174200C46F7C /* CocoaLumberjackCustomFormatter.m */; settings = {COMPILER_FLAGS = "-fobjc-arc"; }; };
		3A89A546829B421FBBEB10E4 /* libPods.a in Frameworks */ = {isa = PBXBuildFile; fileRef = E6B2998C391441D682F98D3D /* libPods.a */; };
		6E6FDB54914D4EB8B24C4A6B /* libPods-IARuleEngineTests.a in Frameworks */ = {isa = PBXBuildFile; fileRef = BDBFFFA2781248E8A356B602 /* libPods-IARuleEngineTests.a */; };
/* End PBXBuildFile section */

/* Begin PBXFileReference section */
		040AF38215D711560046A0B5 /* en */ = {isa = PBXFileReference; lastKnownFileType = file.xib; name = en; path = en.lproj/IAViewController.xib; sourceTree = "<group>"; };
		040AF39815D761000046A0B5 /* IAAbsolutePosition.h */ = {isa = PBXFileReference; fileEncoding = 4; lastKnownFileType = sourcecode.c.h; path = IAAbsolutePosition.h; sourceTree = "<group>"; };
		040AF39915D761000046A0B5 /* IAAbsolutePosition.m */ = {isa = PBXFileReference; fileEncoding = 4; lastKnownFileType = sourcecode.c.objc; path = IAAbsolutePosition.m; sourceTree = "<group>"; };
		040AF39B15D761CF0046A0B5 /* IAMove.h */ = {isa = PBXFileReference; fileEncoding = 4; lastKnownFileType = sourcecode.c.h; path = IAMove.h; sourceTree = "<group>"; };
		040AF39C15D761CF0046A0B5 /* IAMove.m */ = {isa = PBXFileReference; fileEncoding = 4; lastKnownFileType = sourcecode.c.objc; path = IAMove.m; sourceTree = "<group>"; };
		040AF39E15D762950046A0B5 /* IARuleEngine.h */ = {isa = PBXFileReference; fileEncoding = 4; lastKnownFileType = sourcecode.c.h; path = IARuleEngine.h; sourceTree = "<group>"; };
		040AF39F15D762950046A0B5 /* IARuleEngine.m */ = {isa = PBXFileReference; fileEncoding = 4; lastKnownFileType = sourcecode.c.objc; path = IARuleEngine.m; sourceTree = "<group>"; };
		04101DC415E43FEC006FB070 /* IAGameObjectTests.octest */ = {isa = PBXFileReference; explicitFileType = wrapper.cfbundle; includeInIndex = 0; path = IAGameObjectTests.octest; sourceTree = BUILT_PRODUCTS_DIR; };
		04101DC515E43FEC006FB070 /* SenTestingKit.framework */ = {isa = PBXFileReference; includeInIndex = 1; lastKnownFileType = wrapper.framework; name = SenTestingKit.framework; path = Library/Frameworks/SenTestingKit.framework; sourceTree = DEVELOPER_DIR; };
		04101DDE15E44A19006FB070 /* IABoardTests.octest */ = {isa = PBXFileReference; explicitFileType = wrapper.cfbundle; includeInIndex = 0; path = IABoardTests.octest; sourceTree = BUILT_PRODUCTS_DIR; };
		04101DE415E44A19006FB070 /* IABoardTests-Info.plist */ = {isa = PBXFileReference; lastKnownFileType = text.plist.xml; path = "IABoardTests-Info.plist"; sourceTree = "<group>"; };
		04101DE615E44A19006FB070 /* en */ = {isa = PBXFileReference; lastKnownFileType = text.plist.strings; name = en; path = en.lproj/InfoPlist.strings; sourceTree = "<group>"; };
		04101DE815E44A19006FB070 /* IABoardTests.h */ = {isa = PBXFileReference; lastKnownFileType = sourcecode.c.h; path = IABoardTests.h; sourceTree = "<group>"; };
		04101DE915E44A19006FB070 /* IABoardTests.m */ = {isa = PBXFileReference; lastKnownFileType = sourcecode.c.objc; path = IABoardTests.m; sourceTree = "<group>"; };
		04101DEB15E44A19006FB070 /* IABoardTests-Prefix.pch */ = {isa = PBXFileReference; lastKnownFileType = sourcecode.c.h; path = "IABoardTests-Prefix.pch"; sourceTree = "<group>"; };
		041C976115CF4A5700E70EFC /* Imagine Alice.app */ = {isa = PBXFileReference; explicitFileType = wrapper.application; includeInIndex = 0; path = "Imagine Alice.app"; sourceTree = BUILT_PRODUCTS_DIR; };
		041C976515CF4A5700E70EFC /* UIKit.framework */ = {isa = PBXFileReference; includeInIndex = 1; lastKnownFileType = wrapper.framework; name = UIKit.framework; path = System/Library/Frameworks/UIKit.framework; sourceTree = SDKROOT; };
		041C976715CF4A5700E70EFC /* Foundation.framework */ = {isa = PBXFileReference; includeInIndex = 1; lastKnownFileType = wrapper.framework; name = Foundation.framework; path = System/Library/Frameworks/Foundation.framework; sourceTree = SDKROOT; };
		041C976915CF4A5700E70EFC /* CoreGraphics.framework */ = {isa = PBXFileReference; includeInIndex = 1; lastKnownFileType = wrapper.framework; name = CoreGraphics.framework; path = System/Library/Frameworks/CoreGraphics.framework; sourceTree = SDKROOT; };
		041C976D15CF4A5700E70EFC /* Imagine Alice-Info.plist */ = {isa = PBXFileReference; lastKnownFileType = text.plist.xml; path = "Imagine Alice-Info.plist"; sourceTree = "<group>"; };
		041C976F15CF4A5700E70EFC /* en */ = {isa = PBXFileReference; lastKnownFileType = text.plist.strings; name = en; path = en.lproj/InfoPlist.strings; sourceTree = "<group>"; };
		041C977115CF4A5700E70EFC /* main.m */ = {isa = PBXFileReference; lastKnownFileType = sourcecode.c.objc; path = main.m; sourceTree = "<group>"; };
		041C977315CF4A5700E70EFC /* Imagine Alice-Prefix.pch */ = {isa = PBXFileReference; lastKnownFileType = sourcecode.c.h; path = "Imagine Alice-Prefix.pch"; sourceTree = "<group>"; };
		041C977415CF4A5700E70EFC /* IAAppDelegate.h */ = {isa = PBXFileReference; lastKnownFileType = sourcecode.c.h; path = IAAppDelegate.h; sourceTree = "<group>"; };
		041C977515CF4A5700E70EFC /* IAAppDelegate.m */ = {isa = PBXFileReference; lastKnownFileType = sourcecode.c.objc; path = IAAppDelegate.m; sourceTree = "<group>"; };
		041C977715CF4A5700E70EFC /* IAViewController.h */ = {isa = PBXFileReference; lastKnownFileType = sourcecode.c.h; path = IAViewController.h; sourceTree = "<group>"; };
		041C977815CF4A5800E70EFC /* IAViewController.m */ = {isa = PBXFileReference; lastKnownFileType = sourcecode.c.objc; path = IAViewController.m; sourceTree = "<group>"; };
		043C63721605F87F00763717 /* IAHistoryPoint.h */ = {isa = PBXFileReference; fileEncoding = 4; lastKnownFileType = sourcecode.c.h; path = IAHistoryPoint.h; sourceTree = "<group>"; };
		043C63731605F87F00763717 /* IAHistoryPoint.m */ = {isa = PBXFileReference; fileEncoding = 4; lastKnownFileType = sourcecode.c.objc; path = IAHistoryPoint.m; sourceTree = "<group>"; };
		043C63761605FC2600763717 /* IAHistory.h */ = {isa = PBXFileReference; fileEncoding = 4; lastKnownFileType = sourcecode.c.h; path = IAHistory.h; sourceTree = "<group>"; };
		043C63771605FC2700763717 /* IAHistory.m */ = {isa = PBXFileReference; fileEncoding = 4; lastKnownFileType = sourcecode.c.objc; path = IAHistory.m; sourceTree = "<group>"; };
		043C63791606002A00763717 /* IABoardPosition.h */ = {isa = PBXFileReference; fileEncoding = 4; lastKnownFileType = sourcecode.c.h; path = IABoardPosition.h; sourceTree = "<group>"; };
		043C637A1606002A00763717 /* IABoardPosition.m */ = {isa = PBXFileReference; fileEncoding = 4; lastKnownFileType = sourcecode.c.objc; path = IABoardPosition.m; sourceTree = "<group>"; };
		043C637C160619E700763717 /* IAGlobalConstants.h */ = {isa = PBXFileReference; fileEncoding = 4; lastKnownFileType = sourcecode.c.h; path = IAGlobalConstants.h; sourceTree = "<group>"; };
		04A0911B15EE66CF00FE9410 /* en */ = {isa = PBXFileReference; lastKnownFileType = text.plist.strings; name = en; path = en.lproj/InfoPlist.strings; sourceTree = "<group>"; };
		04A0911C15EE66CF00FE9410 /* IAGameObjectTests-Info.plist */ = {isa = PBXFileReference; fileEncoding = 4; lastKnownFileType = text.plist.xml; path = "IAGameObjectTests-Info.plist"; sourceTree = "<group>"; };
		04A0911D15EE66CF00FE9410 /* IAGameObjectTests-Prefix.pch */ = {isa = PBXFileReference; fileEncoding = 4; lastKnownFileType = sourcecode.c.h; path = "IAGameObjectTests-Prefix.pch"; sourceTree = "<group>"; };
		04A0911E15EE66CF00FE9410 /* IAGameObjectTests.h */ = {isa = PBXFileReference; fileEncoding = 4; lastKnownFileType = sourcecode.c.h; path = IAGameObjectTests.h; sourceTree = "<group>"; };
		04A0911F15EE66CF00FE9410 /* IAGameObjectTests.m */ = {isa = PBXFileReference; fileEncoding = 4; lastKnownFileType = sourcecode.c.objc; path = IAGameObjectTests.m; sourceTree = "<group>"; };
		04A0912815EE692A00FE9410 /* IAGameObject.h */ = {isa = PBXFileReference; fileEncoding = 4; lastKnownFileType = sourcecode.c.h; path = IAGameObject.h; sourceTree = "<group>"; };
		04A0912915EE692A00FE9410 /* IAGameObject.m */ = {isa = PBXFileReference; fileEncoding = 4; lastKnownFileType = sourcecode.c.objc; path = IAGameObject.m; sourceTree = "<group>"; };
		04A0912D15EE763000FE9410 /* IATorpedo.h */ = {isa = PBXFileReference; fileEncoding = 4; lastKnownFileType = sourcecode.c.h; path = IATorpedo.h; sourceTree = "<group>"; };
		04A0912E15EE763000FE9410 /* IATorpedo.m */ = {isa = PBXFileReference; fileEncoding = 4; lastKnownFileType = sourcecode.c.objc; path = IATorpedo.m; sourceTree = "<group>"; };
		04A0913615EE965900FE9410 /* IATorpedoTests.octest */ = {isa = PBXFileReference; explicitFileType = wrapper.cfbundle; includeInIndex = 0; path = IATorpedoTests.octest; sourceTree = BUILT_PRODUCTS_DIR; };
		04A0913C15EE965900FE9410 /* IATorpedoTests-Info.plist */ = {isa = PBXFileReference; lastKnownFileType = text.plist.xml; path = "IATorpedoTests-Info.plist"; sourceTree = "<group>"; };
		04A0913E15EE965900FE9410 /* en */ = {isa = PBXFileReference; lastKnownFileType = text.plist.strings; name = en; path = en.lproj/InfoPlist.strings; sourceTree = "<group>"; };
		04A0914015EE965900FE9410 /* IATorpedoTests.h */ = {isa = PBXFileReference; lastKnownFileType = sourcecode.c.h; path = IATorpedoTests.h; sourceTree = "<group>"; };
		04A0914115EE965900FE9410 /* IATorpedoTests.m */ = {isa = PBXFileReference; lastKnownFileType = sourcecode.c.objc; path = IATorpedoTests.m; sourceTree = "<group>"; };
		04A0914315EE965900FE9410 /* IATorpedoTests-Prefix.pch */ = {isa = PBXFileReference; lastKnownFileType = sourcecode.c.h; path = "IATorpedoTests-Prefix.pch"; sourceTree = "<group>"; };
		04A0914F15EEB21E00FE9410 /* IARuleEngineTests.octest */ = {isa = PBXFileReference; explicitFileType = wrapper.cfbundle; includeInIndex = 0; path = IARuleEngineTests.octest; sourceTree = BUILT_PRODUCTS_DIR; };
		04A0915515EEB21E00FE9410 /* IARuleEngineTests-Info.plist */ = {isa = PBXFileReference; lastKnownFileType = text.plist.xml; path = "IARuleEngineTests-Info.plist"; sourceTree = "<group>"; };
		04A0915715EEB21E00FE9410 /* en */ = {isa = PBXFileReference; lastKnownFileType = text.plist.strings; name = en; path = en.lproj/InfoPlist.strings; sourceTree = "<group>"; };
		04A0915915EEB21E00FE9410 /* IARuleEngineTests.h */ = {isa = PBXFileReference; lastKnownFileType = sourcecode.c.h; path = IARuleEngineTests.h; sourceTree = "<group>"; };
		04A0915A15EEB21E00FE9410 /* IARuleEngineTests.m */ = {isa = PBXFileReference; lastKnownFileType = sourcecode.c.objc; path = IARuleEngineTests.m; sourceTree = "<group>"; };
		04A0915C15EEB21E00FE9410 /* IARuleEngineTests-Prefix.pch */ = {isa = PBXFileReference; lastKnownFileType = sourcecode.c.h; path = "IARuleEngineTests-Prefix.pch"; sourceTree = "<group>"; };
		04FB34B815E2E16F006EA792 /* IABoard.h */ = {isa = PBXFileReference; fileEncoding = 4; lastKnownFileType = sourcecode.c.h; path = IABoard.h; sourceTree = "<group>"; };
		04FB34B915E2E16F006EA792 /* IABoard.m */ = {isa = PBXFileReference; fileEncoding = 4; lastKnownFileType = sourcecode.c.objc; path = IABoard.m; sourceTree = "<group>"; };
		04FF96D315D2174200C46F7C /* CocoaLumberjackCustomFormatter.h */ = {isa = PBXFileReference; fileEncoding = 4; lastKnownFileType = sourcecode.c.h; path = CocoaLumberjackCustomFormatter.h; sourceTree = "<group>"; };
		04FF96D415D2174200C46F7C /* CocoaLumberjackCustomFormatter.m */ = {isa = PBXFileReference; fileEncoding = 4; lastKnownFileType = sourcecode.c.objc; path = CocoaLumberjackCustomFormatter.m; sourceTree = "<group>"; };
		6C5C0FC330654685B5035F37 /* Pods-IARuleEngineTests.xcconfig */ = {isa = PBXFileReference; includeInIndex = 1; lastKnownFileType = text.xcconfig; name = "Pods-IARuleEngineTests.xcconfig"; path = "Pods/Pods-IARuleEngineTests.xcconfig"; sourceTree = SOURCE_ROOT; };
		A42948F85EE34FCFB4A5CABB /* Pods.xcconfig */ = {isa = PBXFileReference; includeInIndex = 1; lastKnownFileType = text.xcconfig; name = Pods.xcconfig; path = Pods/Pods.xcconfig; sourceTree = SOURCE_ROOT; };
		BDBFFFA2781248E8A356B602 /* libPods-IARuleEngineTests.a */ = {isa = PBXFileReference; explicitFileType = archive.ar; includeInIndex = 0; path = "libPods-IARuleEngineTests.a"; sourceTree = BUILT_PRODUCTS_DIR; };
		E6B2998C391441D682F98D3D /* libPods.a */ = {isa = PBXFileReference; explicitFileType = archive.ar; includeInIndex = 0; path = libPods.a; sourceTree = BUILT_PRODUCTS_DIR; };
/* End PBXFileReference section */

/* Begin PBXFrameworksBuildPhase section */
		04101DC015E43FEC006FB070 /* Frameworks */ = {
			isa = PBXFrameworksBuildPhase;
			buildActionMask = 2147483647;
			files = (
				04101DC615E43FEC006FB070 /* SenTestingKit.framework in Frameworks */,
				04101DC715E43FEC006FB070 /* UIKit.framework in Frameworks */,
				04101DC815E43FEC006FB070 /* Foundation.framework in Frameworks */,
			);
			runOnlyForDeploymentPostprocessing = 0;
		};
		04101DDA15E44A19006FB070 /* Frameworks */ = {
			isa = PBXFrameworksBuildPhase;
			buildActionMask = 2147483647;
			files = (
				04101DE015E44A19006FB070 /* UIKit.framework in Frameworks */,
				04101DE115E44A19006FB070 /* Foundation.framework in Frameworks */,
				04A0912615EE684200FE9410 /* SenTestingKit.framework in Frameworks */,
			);
			runOnlyForDeploymentPostprocessing = 0;
		};
		041C975E15CF4A5700E70EFC /* Frameworks */ = {
			isa = PBXFrameworksBuildPhase;
			buildActionMask = 2147483647;
			files = (
				041C976615CF4A5700E70EFC /* UIKit.framework in Frameworks */,
				041C976815CF4A5700E70EFC /* Foundation.framework in Frameworks */,
				041C976A15CF4A5700E70EFC /* CoreGraphics.framework in Frameworks */,
				3A89A546829B421FBBEB10E4 /* libPods.a in Frameworks */,
				04A0912C15EE6AF200FE9410 /* SenTestingKit.framework in Frameworks */,
			);
			runOnlyForDeploymentPostprocessing = 0;
		};
		04A0913215EE965900FE9410 /* Frameworks */ = {
			isa = PBXFrameworksBuildPhase;
			buildActionMask = 2147483647;
			files = (
				04A0913715EE965900FE9410 /* SenTestingKit.framework in Frameworks */,
				04A0913815EE965900FE9410 /* UIKit.framework in Frameworks */,
				04A0913915EE965900FE9410 /* Foundation.framework in Frameworks */,
			);
			runOnlyForDeploymentPostprocessing = 0;
		};
		04A0914B15EEB21E00FE9410 /* Frameworks */ = {
			isa = PBXFrameworksBuildPhase;
			buildActionMask = 2147483647;
			files = (
				04CF5824160BE56100EF5422 /* CoreGraphics.framework in Frameworks */,
				04A0915015EEB21E00FE9410 /* SenTestingKit.framework in Frameworks */,
				04A0915115EEB21E00FE9410 /* UIKit.framework in Frameworks */,
				04A0915215EEB21E00FE9410 /* Foundation.framework in Frameworks */,
				6E6FDB54914D4EB8B24C4A6B /* libPods-IARuleEngineTests.a in Frameworks */,
			);
			runOnlyForDeploymentPostprocessing = 0;
		};
/* End PBXFrameworksBuildPhase section */

/* Begin PBXGroup section */
		04101DE215E44A19006FB070 /* IABoardTests */ = {
			isa = PBXGroup;
			children = (
				04101DE815E44A19006FB070 /* IABoardTests.h */,
				04101DE915E44A19006FB070 /* IABoardTests.m */,
				04101DE315E44A19006FB070 /* Supporting Files */,
			);
			path = IABoardTests;
			sourceTree = "<group>";
		};
		04101DE315E44A19006FB070 /* Supporting Files */ = {
			isa = PBXGroup;
			children = (
				04101DE415E44A19006FB070 /* IABoardTests-Info.plist */,
				04101DE515E44A19006FB070 /* InfoPlist.strings */,
				04101DEB15E44A19006FB070 /* IABoardTests-Prefix.pch */,
			);
			name = "Supporting Files";
			sourceTree = "<group>";
		};
		041C975615CF4A5700E70EFC = {
			isa = PBXGroup;
			children = (
				04FF96D215D2174200C46F7C /* CocoaLumberjackCustomFormatter */,
				041C976415CF4A5700E70EFC /* Frameworks */,
				04101DE215E44A19006FB070 /* IABoardTests */,
				04A0911915EE66CF00FE9410 /* IAGameObjectTests */,
				04A0915315EEB21E00FE9410 /* IARuleEngineTests */,
				04A0913A15EE965900FE9410 /* IATorpedoTests */,
				041C976B15CF4A5700E70EFC /* Imagine Alice */,
				A42948F85EE34FCFB4A5CABB /* Pods.xcconfig */,
				041C976215CF4A5700E70EFC /* Products */,
				6C5C0FC330654685B5035F37 /* Pods-IARuleEngineTests.xcconfig */,
			);
			sourceTree = "<group>";
		};
		041C976215CF4A5700E70EFC /* Products */ = {
			isa = PBXGroup;
			children = (
				041C976115CF4A5700E70EFC /* Imagine Alice.app */,
				04101DC415E43FEC006FB070 /* IAGameObjectTests.octest */,
				04101DDE15E44A19006FB070 /* IABoardTests.octest */,
				04A0913615EE965900FE9410 /* IATorpedoTests.octest */,
				04A0914F15EEB21E00FE9410 /* IARuleEngineTests.octest */,
			);
			name = Products;
			sourceTree = "<group>";
		};
		041C976415CF4A5700E70EFC /* Frameworks */ = {
			isa = PBXGroup;
			children = (
				041C976515CF4A5700E70EFC /* UIKit.framework */,
				041C976715CF4A5700E70EFC /* Foundation.framework */,
				041C976915CF4A5700E70EFC /* CoreGraphics.framework */,
				E6B2998C391441D682F98D3D /* libPods.a */,
				04101DC515E43FEC006FB070 /* SenTestingKit.framework */,
				BDBFFFA2781248E8A356B602 /* libPods-IARuleEngineTests.a */,
			);
			name = Frameworks;
			sourceTree = "<group>";
		};
		041C976B15CF4A5700E70EFC /* Imagine Alice */ = {
			isa = PBXGroup;
			children = (
				040AF39815D761000046A0B5 /* IAAbsolutePosition.h */,
				040AF39915D761000046A0B5 /* IAAbsolutePosition.m */,
				041C977415CF4A5700E70EFC /* IAAppDelegate.h */,
				041C977515CF4A5700E70EFC /* IAAppDelegate.m */,
				04FB34B815E2E16F006EA792 /* IABoard.h */,
				04FB34B915E2E16F006EA792 /* IABoard.m */,
				043C63791606002A00763717 /* IABoardPosition.h */,
				043C637A1606002A00763717 /* IABoardPosition.m */,
				04A0912815EE692A00FE9410 /* IAGameObject.h */,
				04A0912915EE692A00FE9410 /* IAGameObject.m */,
				043C637C160619E700763717 /* IAGlobalConstants.h */,
				043C63761605FC2600763717 /* IAHistory.h */,
				043C63771605FC2700763717 /* IAHistory.m */,
				043C63721605F87F00763717 /* IAHistoryPoint.h */,
				043C63731605F87F00763717 /* IAHistoryPoint.m */,
				040AF39B15D761CF0046A0B5 /* IAMove.h */,
				040AF39C15D761CF0046A0B5 /* IAMove.m */,
				040AF39E15D762950046A0B5 /* IARuleEngine.h */,
				040AF39F15D762950046A0B5 /* IARuleEngine.m */,
				04A0912D15EE763000FE9410 /* IATorpedo.h */,
				04A0912E15EE763000FE9410 /* IATorpedo.m */,
				041C977715CF4A5700E70EFC /* IAViewController.h */,
				041C977815CF4A5800E70EFC /* IAViewController.m */,
				040AF38115D711560046A0B5 /* IAViewController.xib */,
				041C976C15CF4A5700E70EFC /* Supporting Files */,
			);
			path = "Imagine Alice";
			sourceTree = "<group>";
		};
		041C976C15CF4A5700E70EFC /* Supporting Files */ = {
			isa = PBXGroup;
			children = (
				041C976D15CF4A5700E70EFC /* Imagine Alice-Info.plist */,
				041C976E15CF4A5700E70EFC /* InfoPlist.strings */,
				041C977115CF4A5700E70EFC /* main.m */,
				041C977315CF4A5700E70EFC /* Imagine Alice-Prefix.pch */,
			);
			name = "Supporting Files";
			sourceTree = "<group>";
		};
		04A0911915EE66CF00FE9410 /* IAGameObjectTests */ = {
			isa = PBXGroup;
			children = (
				04A0911A15EE66CF00FE9410 /* InfoPlist.strings */,
				04A0911C15EE66CF00FE9410 /* IAGameObjectTests-Info.plist */,
				04A0911D15EE66CF00FE9410 /* IAGameObjectTests-Prefix.pch */,
				04A0911E15EE66CF00FE9410 /* IAGameObjectTests.h */,
				04A0911F15EE66CF00FE9410 /* IAGameObjectTests.m */,
			);
			path = IAGameObjectTests;
			sourceTree = "<group>";
		};
		04A0913A15EE965900FE9410 /* IATorpedoTests */ = {
			isa = PBXGroup;
			children = (
				04A0914015EE965900FE9410 /* IATorpedoTests.h */,
				04A0914115EE965900FE9410 /* IATorpedoTests.m */,
				04A0913B15EE965900FE9410 /* Supporting Files */,
			);
			path = IATorpedoTests;
			sourceTree = "<group>";
		};
		04A0913B15EE965900FE9410 /* Supporting Files */ = {
			isa = PBXGroup;
			children = (
				04A0913C15EE965900FE9410 /* IATorpedoTests-Info.plist */,
				04A0913D15EE965900FE9410 /* InfoPlist.strings */,
				04A0914315EE965900FE9410 /* IATorpedoTests-Prefix.pch */,
			);
			name = "Supporting Files";
			sourceTree = "<group>";
		};
		04A0915315EEB21E00FE9410 /* IARuleEngineTests */ = {
			isa = PBXGroup;
			children = (
				04A0915915EEB21E00FE9410 /* IARuleEngineTests.h */,
				04A0915A15EEB21E00FE9410 /* IARuleEngineTests.m */,
				04A0915415EEB21E00FE9410 /* Supporting Files */,
			);
			path = IARuleEngineTests;
			sourceTree = "<group>";
		};
		04A0915415EEB21E00FE9410 /* Supporting Files */ = {
			isa = PBXGroup;
			children = (
				04A0915515EEB21E00FE9410 /* IARuleEngineTests-Info.plist */,
				04A0915615EEB21E00FE9410 /* InfoPlist.strings */,
				04A0915C15EEB21E00FE9410 /* IARuleEngineTests-Prefix.pch */,
			);
			name = "Supporting Files";
			sourceTree = "<group>";
		};
		04FF96D215D2174200C46F7C /* CocoaLumberjackCustomFormatter */ = {
			isa = PBXGroup;
			children = (
				04FF96D315D2174200C46F7C /* CocoaLumberjackCustomFormatter.h */,
				04FF96D415D2174200C46F7C /* CocoaLumberjackCustomFormatter.m */,
			);
			name = CocoaLumberjackCustomFormatter;
			path = "Imagine Alice/CocoaLumberjackCustomFormatter";
			sourceTree = "<group>";
		};
/* End PBXGroup section */

/* Begin PBXNativeTarget section */
		04101DC315E43FEC006FB070 /* IAGameObjectTests */ = {
			isa = PBXNativeTarget;
			buildConfigurationList = 04101DD515E43FEC006FB070 /* Build configuration list for PBXNativeTarget "IAGameObjectTests" */;
			buildPhases = (
				04101DBF15E43FEC006FB070 /* Sources */,
				04101DC015E43FEC006FB070 /* Frameworks */,
				04101DC115E43FEC006FB070 /* Resources */,
				04101DC215E43FEC006FB070 /* ShellScript */,
			);
			buildRules = (
			);
			dependencies = (
			);
			name = IAGameObjectTests;
			productName = IACharacterTests;
			productReference = 04101DC415E43FEC006FB070 /* IAGameObjectTests.octest */;
			productType = "com.apple.product-type.bundle";
		};
		04101DDD15E44A19006FB070 /* IABoardTests */ = {
			isa = PBXNativeTarget;
			buildConfigurationList = 04101DEC15E44A19006FB070 /* Build configuration list for PBXNativeTarget "IABoardTests" */;
			buildPhases = (
				04101DD915E44A19006FB070 /* Sources */,
				04101DDA15E44A19006FB070 /* Frameworks */,
				04101DDB15E44A19006FB070 /* Resources */,
				04101DDC15E44A19006FB070 /* ShellScript */,
			);
			buildRules = (
			);
			dependencies = (
			);
			name = IABoardTests;
			productName = IABoardTests;
			productReference = 04101DDE15E44A19006FB070 /* IABoardTests.octest */;
			productType = "com.apple.product-type.bundle";
		};
		041C976015CF4A5700E70EFC /* Imagine Alice */ = {
			isa = PBXNativeTarget;
			buildConfigurationList = 041C977F15CF4A5800E70EFC /* Build configuration list for PBXNativeTarget "Imagine Alice" */;
			buildPhases = (
				041C975D15CF4A5700E70EFC /* Sources */,
				041C975E15CF4A5700E70EFC /* Frameworks */,
				041C975F15CF4A5700E70EFC /* Resources */,
				78C8EB6A73FA42808FB351DB /* Copy Pods Resources */,
			);
			buildRules = (
			);
			dependencies = (
			);
			name = "Imagine Alice";
			productName = "Imagine Alice";
			productReference = 041C976115CF4A5700E70EFC /* Imagine Alice.app */;
			productType = "com.apple.product-type.application";
		};
		04A0913515EE965900FE9410 /* IATorpedoTests */ = {
			isa = PBXNativeTarget;
			buildConfigurationList = 04A0914415EE965900FE9410 /* Build configuration list for PBXNativeTarget "IATorpedoTests" */;
			buildPhases = (
				04A0913115EE965900FE9410 /* Sources */,
				04A0913215EE965900FE9410 /* Frameworks */,
				04A0913315EE965900FE9410 /* Resources */,
				04A0913415EE965900FE9410 /* ShellScript */,
			);
			buildRules = (
			);
			dependencies = (
			);
			name = IATorpedoTests;
			productName = IATorpedoTests;
			productReference = 04A0913615EE965900FE9410 /* IATorpedoTests.octest */;
			productType = "com.apple.product-type.bundle";
		};
		04A0914E15EEB21E00FE9410 /* IARuleEngineTests */ = {
			isa = PBXNativeTarget;
			buildConfigurationList = 04A0915D15EEB21E00FE9410 /* Build configuration list for PBXNativeTarget "IARuleEngineTests" */;
			buildPhases = (
				04A0914A15EEB21E00FE9410 /* Sources */,
				04A0914B15EEB21E00FE9410 /* Frameworks */,
				04A0914C15EEB21E00FE9410 /* Resources */,
				04A0914D15EEB21E00FE9410 /* ShellScript */,
				00C94D564B6745D59B0EE883 /* Copy Pods Resources */,
			);
			buildRules = (
			);
			dependencies = (
			);
			name = IARuleEngineTests;
			productName = IARuleEngineTests;
			productReference = 04A0914F15EEB21E00FE9410 /* IARuleEngineTests.octest */;
			productType = "com.apple.product-type.bundle";
		};
/* End PBXNativeTarget section */

/* Begin PBXProject section */
		041C975815CF4A5700E70EFC /* Project object */ = {
			isa = PBXProject;
			attributes = {
				LastUpgradeCheck = 0420;
				ORGANIZATIONNAME = "imagine-alice.org";
			};
			buildConfigurationList = 041C975B15CF4A5700E70EFC /* Build configuration list for PBXProject "Imagine Alice" */;
			compatibilityVersion = "Xcode 3.2";
			developmentRegion = English;
			hasScannedForEncodings = 0;
			knownRegions = (
				en,
			);
			mainGroup = 041C975615CF4A5700E70EFC;
			productRefGroup = 041C976215CF4A5700E70EFC /* Products */;
			projectDirPath = "";
			projectRoot = "";
			targets = (
				041C976015CF4A5700E70EFC /* Imagine Alice */,
				04101DC315E43FEC006FB070 /* IAGameObjectTests */,
				04101DDD15E44A19006FB070 /* IABoardTests */,
				04A0913515EE965900FE9410 /* IATorpedoTests */,
				04A0914E15EEB21E00FE9410 /* IARuleEngineTests */,
			);
		};
/* End PBXProject section */

/* Begin PBXResourcesBuildPhase section */
		04101DC115E43FEC006FB070 /* Resources */ = {
			isa = PBXResourcesBuildPhase;
			buildActionMask = 2147483647;
			files = (
			);
			runOnlyForDeploymentPostprocessing = 0;
		};
		04101DDB15E44A19006FB070 /* Resources */ = {
			isa = PBXResourcesBuildPhase;
			buildActionMask = 2147483647;
			files = (
				04101DE715E44A19006FB070 /* InfoPlist.strings in Resources */,
			);
			runOnlyForDeploymentPostprocessing = 0;
		};
		041C975F15CF4A5700E70EFC /* Resources */ = {
			isa = PBXResourcesBuildPhase;
			buildActionMask = 2147483647;
			files = (
				041C977015CF4A5700E70EFC /* InfoPlist.strings in Resources */,
				040AF38315D711560046A0B5 /* IAViewController.xib in Resources */,
				04A0912015EE66CF00FE9410 /* InfoPlist.strings in Resources */,
				04A0912115EE66CF00FE9410 /* IAGameObjectTests-Info.plist in Resources */,
			);
			runOnlyForDeploymentPostprocessing = 0;
		};
		04A0913315EE965900FE9410 /* Resources */ = {
			isa = PBXResourcesBuildPhase;
			buildActionMask = 2147483647;
			files = (
				04A0913F15EE965900FE9410 /* InfoPlist.strings in Resources */,
			);
			runOnlyForDeploymentPostprocessing = 0;
		};
		04A0914C15EEB21E00FE9410 /* Resources */ = {
			isa = PBXResourcesBuildPhase;
			buildActionMask = 2147483647;
			files = (
				04A0915815EEB21E00FE9410 /* InfoPlist.strings in Resources */,
			);
			runOnlyForDeploymentPostprocessing = 0;
		};
/* End PBXResourcesBuildPhase section */

/* Begin PBXShellScriptBuildPhase section */
		00C94D564B6745D59B0EE883 /* Copy Pods Resources */ = {
			isa = PBXShellScriptBuildPhase;
			buildActionMask = 2147483647;
			files = (
			);
			inputPaths = (
			);
			name = "Copy Pods Resources";
			outputPaths = (
			);
			runOnlyForDeploymentPostprocessing = 0;
			shellPath = /bin/sh;
			shellScript = "\"${SRCROOT}/Pods/Pods-IARuleEngineTests-resources.sh\"\n";
		};
		04101DC215E43FEC006FB070 /* ShellScript */ = {
			isa = PBXShellScriptBuildPhase;
			buildActionMask = 2147483647;
			files = (
			);
			inputPaths = (
			);
			outputPaths = (
			);
			runOnlyForDeploymentPostprocessing = 0;
			shellPath = /bin/sh;
			shellScript = "# Run the unit tests in this test bundle.\n\"${SYSTEM_DEVELOPER_DIR}/Tools/RunUnitTests\"\n";
		};
		04101DDC15E44A19006FB070 /* ShellScript */ = {
			isa = PBXShellScriptBuildPhase;
			buildActionMask = 2147483647;
			files = (
			);
			inputPaths = (
			);
			outputPaths = (
			);
			runOnlyForDeploymentPostprocessing = 0;
			shellPath = /bin/sh;
			shellScript = "# Run the unit tests in this test bundle.\n\"${SYSTEM_DEVELOPER_DIR}/Tools/RunUnitTests\"\n";
		};
		04A0913415EE965900FE9410 /* ShellScript */ = {
			isa = PBXShellScriptBuildPhase;
			buildActionMask = 2147483647;
			files = (
			);
			inputPaths = (
			);
			outputPaths = (
			);
			runOnlyForDeploymentPostprocessing = 0;
			shellPath = /bin/sh;
			shellScript = "# Run the unit tests in this test bundle.\n\"${SYSTEM_DEVELOPER_DIR}/Tools/RunUnitTests\"\n";
		};
		04A0914D15EEB21E00FE9410 /* ShellScript */ = {
			isa = PBXShellScriptBuildPhase;
			buildActionMask = 2147483647;
			files = (
			);
			inputPaths = (
			);
			outputPaths = (
			);
			runOnlyForDeploymentPostprocessing = 0;
			shellPath = /bin/sh;
			shellScript = "# Run the unit tests in this test bundle.\n\"${SYSTEM_DEVELOPER_DIR}/Tools/RunUnitTests\"\n";
		};
		78C8EB6A73FA42808FB351DB /* Copy Pods Resources */ = {
			isa = PBXShellScriptBuildPhase;
			buildActionMask = 2147483647;
			files = (
			);
			inputPaths = (
			);
			name = "Copy Pods Resources";
			outputPaths = (
			);
			runOnlyForDeploymentPostprocessing = 0;
			shellPath = /bin/sh;
			shellScript = "\"${SRCROOT}/Pods/Pods-resources.sh\"\n";
		};
/* End PBXShellScriptBuildPhase section */

/* Begin PBXSourcesBuildPhase section */
		04101DBF15E43FEC006FB070 /* Sources */ = {
			isa = PBXSourcesBuildPhase;
			buildActionMask = 2147483647;
			files = (
				04A0912715EE688C00FE9410 /* IAGameObjectTests.m in Sources */,
				04101DD815E4425A006FB070 /* IAAbsolutePosition.m in Sources */,
				04A0912B15EE692A00FE9410 /* IAGameObject.m in Sources */,
				04A0913015EE763100FE9410 /* IATorpedo.m in Sources */,
			);
			runOnlyForDeploymentPostprocessing = 0;
		};
		04101DD915E44A19006FB070 /* Sources */ = {
			isa = PBXSourcesBuildPhase;
			buildActionMask = 2147483647;
			files = (
				04101DEA15E44A19006FB070 /* IABoardTests.m in Sources */,
				04101DEF15E44B31006FB070 /* IABoard.m in Sources */,
				04101DF015E455B7006FB070 /* IAAbsolutePosition.m in Sources */,
				043C638516061FC800763717 /* IABoardPosition.m in Sources */,
			);
			runOnlyForDeploymentPostprocessing = 0;
		};
		041C975D15CF4A5700E70EFC /* Sources */ = {
			isa = PBXSourcesBuildPhase;
			buildActionMask = 2147483647;
			files = (
				041C977215CF4A5700E70EFC /* main.m in Sources */,
				041C977615CF4A5700E70EFC /* IAAppDelegate.m in Sources */,
				041C977915CF4A5800E70EFC /* IAViewController.m in Sources */,
				04FF96D515D2174200C46F7C /* CocoaLumberjackCustomFormatter.m in Sources */,
				040AF39A15D761000046A0B5 /* IAAbsolutePosition.m in Sources */,
				040AF39D15D761CF0046A0B5 /* IAMove.m in Sources */,
				04FB34BA15E2E16F006EA792 /* IABoard.m in Sources */,
				04A0912215EE66CF00FE9410 /* IAGameObjectTests.m in Sources */,
				04A0912A15EE692A00FE9410 /* IAGameObject.m in Sources */,
				04A0912F15EE763100FE9410 /* IATorpedo.m in Sources */,
				043C63741605F87F00763717 /* IAHistoryPoint.m in Sources */,
				043C63781605FC2700763717 /* IAHistory.m in Sources */,
				043C637B1606002B00763717 /* IABoardPosition.m in Sources */,
				045F233E160BCD030036E399 /* IARuleEngine.m in Sources */,
			);
			runOnlyForDeploymentPostprocessing = 0;
		};
		04A0913115EE965900FE9410 /* Sources */ = {
			isa = PBXSourcesBuildPhase;
			buildActionMask = 2147483647;
			files = (
				04A0914215EE965900FE9410 /* IATorpedoTests.m in Sources */,
				04A0914715EE986E00FE9410 /* IATorpedo.m in Sources */,
				04A0914815EE990400FE9410 /* IAAbsolutePosition.m in Sources */,
				04A0914915EE990900FE9410 /* IAGameObject.m in Sources */,
			);
			runOnlyForDeploymentPostprocessing = 0;
		};
		04A0914A15EEB21E00FE9410 /* Sources */ = {
			isa = PBXSourcesBuildPhase;
			buildActionMask = 2147483647;
			files = (
				04A0915B15EEB21E00FE9410 /* IARuleEngineTests.m in Sources */,
				04A0916015EEB23800FE9410 /* IARuleEngine.m in Sources */,
				042F9A2C15EECD2300B737A3 /* IAGameObject.m in Sources */,
				042F9A2E15EECD2B00B737A3 /* IAAbsolutePosition.m in Sources */,
				042F9A2F15EECD3100B737A3 /* IAMove.m in Sources */,
				042F9A3015EECD4400B737A3 /* IABoard.m in Sources */,
				043C638616061FC900763717 /* IABoardPosition.m in Sources */,
				0433D4AB16064FE800568F3D /* IAHistory.m in Sources */,
				0433D4AD16064FF700568F3D /* IAHistoryPoint.m in Sources */,
			);
			runOnlyForDeploymentPostprocessing = 0;
		};
/* End PBXSourcesBuildPhase section */

/* Begin PBXVariantGroup section */
		040AF38115D711560046A0B5 /* IAViewController.xib */ = {
			isa = PBXVariantGroup;
			children = (
				040AF38215D711560046A0B5 /* en */,
			);
			name = IAViewController.xib;
			sourceTree = "<group>";
		};
		04101DE515E44A19006FB070 /* InfoPlist.strings */ = {
			isa = PBXVariantGroup;
			children = (
				04101DE615E44A19006FB070 /* en */,
			);
			name = InfoPlist.strings;
			sourceTree = "<group>";
		};
		041C976E15CF4A5700E70EFC /* InfoPlist.strings */ = {
			isa = PBXVariantGroup;
			children = (
				041C976F15CF4A5700E70EFC /* en */,
			);
			name = InfoPlist.strings;
			sourceTree = "<group>";
		};
		04A0911A15EE66CF00FE9410 /* InfoPlist.strings */ = {
			isa = PBXVariantGroup;
			children = (
				04A0911B15EE66CF00FE9410 /* en */,
			);
			name = InfoPlist.strings;
			sourceTree = "<group>";
		};
		04A0913D15EE965900FE9410 /* InfoPlist.strings */ = {
			isa = PBXVariantGroup;
			children = (
				04A0913E15EE965900FE9410 /* en */,
			);
			name = InfoPlist.strings;
			sourceTree = "<group>";
		};
		04A0915615EEB21E00FE9410 /* InfoPlist.strings */ = {
			isa = PBXVariantGroup;
			children = (
				04A0915715EEB21E00FE9410 /* en */,
			);
			name = InfoPlist.strings;
			sourceTree = "<group>";
		};
/* End PBXVariantGroup section */

/* Begin XCBuildConfiguration section */
		04101DD315E43FEC006FB070 /* Debug */ = {
			isa = XCBuildConfiguration;
			buildSettings = {
				FRAMEWORK_SEARCH_PATHS = (
					"$(SDKROOT)/Developer/Library/Frameworks",
					"$(DEVELOPER_LIBRARY_DIR)/Frameworks",
				);
				GCC_PRECOMPILE_PREFIX_HEADER = YES;
				GCC_PREFIX_HEADER = "IAGameObjectTests/IAGameObjectTests-Prefix.pch";
				INFOPLIST_FILE = "IAGameObjectTests/IAGameObjectTests-Info.plist";
				PRODUCT_NAME = "$(TARGET_NAME)";
				WRAPPER_EXTENSION = octest;
			};
			name = Debug;
		};
		04101DD415E43FEC006FB070 /* Release */ = {
			isa = XCBuildConfiguration;
			buildSettings = {
				FRAMEWORK_SEARCH_PATHS = (
					"$(SDKROOT)/Developer/Library/Frameworks",
					"$(DEVELOPER_LIBRARY_DIR)/Frameworks",
				);
				GCC_PRECOMPILE_PREFIX_HEADER = YES;
				GCC_PREFIX_HEADER = "IAGameObjectTests/IAGameObjectTests-Prefix.pch";
				INFOPLIST_FILE = "IAGameObjectTests/IAGameObjectTests-Info.plist";
				PRODUCT_NAME = "$(TARGET_NAME)";
				WRAPPER_EXTENSION = octest;
			};
			name = Release;
		};
		04101DED15E44A19006FB070 /* Debug */ = {
			isa = XCBuildConfiguration;
			buildSettings = {
				FRAMEWORK_SEARCH_PATHS = (
					"$(SDKROOT)/Developer/Library/Frameworks",
					"$(DEVELOPER_LIBRARY_DIR)/Frameworks",
				);
				GCC_PRECOMPILE_PREFIX_HEADER = YES;
				GCC_PREFIX_HEADER = "IABoardTests/IABoardTests-Prefix.pch";
				INFOPLIST_FILE = "IABoardTests/IABoardTests-Info.plist";
				PRODUCT_NAME = "$(TARGET_NAME)";
				WRAPPER_EXTENSION = octest;
			};
			name = Debug;
		};
		04101DEE15E44A19006FB070 /* Release */ = {
			isa = XCBuildConfiguration;
			buildSettings = {
				FRAMEWORK_SEARCH_PATHS = (
					"$(SDKROOT)/Developer/Library/Frameworks",
					"$(DEVELOPER_LIBRARY_DIR)/Frameworks",
				);
				GCC_PRECOMPILE_PREFIX_HEADER = YES;
				GCC_PREFIX_HEADER = "IABoardTests/IABoardTests-Prefix.pch";
				INFOPLIST_FILE = "IABoardTests/IABoardTests-Info.plist";
				PRODUCT_NAME = "$(TARGET_NAME)";
				WRAPPER_EXTENSION = octest;
			};
			name = Release;
		};
		041C977D15CF4A5800E70EFC /* Debug */ = {
			isa = XCBuildConfiguration;
			buildSettings = {
				ALWAYS_SEARCH_USER_PATHS = NO;
				ARCHS = "$(ARCHS_STANDARD_32_BIT)";
				"CODE_SIGN_IDENTITY[sdk=iphoneos*]" = "iPhone Developer";
				COPY_PHASE_STRIP = NO;
				GCC_C_LANGUAGE_STANDARD = gnu99;
				GCC_DYNAMIC_NO_PIC = NO;
				GCC_OPTIMIZATION_LEVEL = 0;
				GCC_PREPROCESSOR_DEFINITIONS = (
					"DEBUG=1",
					"$(inherited)",
				);
				GCC_SYMBOLS_PRIVATE_EXTERN = NO;
				GCC_VERSION = com.apple.compilers.llvm.clang.1_0;
				GCC_WARN_ABOUT_MISSING_PROTOTYPES = YES;
				GCC_WARN_ABOUT_RETURN_TYPE = YES;
				GCC_WARN_UNUSED_VARIABLE = YES;
				IPHONEOS_DEPLOYMENT_TARGET = 5.0;
				SDKROOT = iphoneos;
			};
			name = Debug;
		};
		041C977E15CF4A5800E70EFC /* Release */ = {
			isa = XCBuildConfiguration;
			buildSettings = {
				ALWAYS_SEARCH_USER_PATHS = NO;
				ARCHS = "$(ARCHS_STANDARD_32_BIT)";
				"CODE_SIGN_IDENTITY[sdk=iphoneos*]" = "iPhone Developer";
				COPY_PHASE_STRIP = YES;
				GCC_C_LANGUAGE_STANDARD = gnu99;
				GCC_VERSION = com.apple.compilers.llvm.clang.1_0;
				GCC_WARN_ABOUT_MISSING_PROTOTYPES = YES;
				GCC_WARN_ABOUT_RETURN_TYPE = YES;
				GCC_WARN_UNUSED_VARIABLE = YES;
				IPHONEOS_DEPLOYMENT_TARGET = 5.0;
				OTHER_CFLAGS = "-DNS_BLOCK_ASSERTIONS=1";
				SDKROOT = iphoneos;
				VALIDATE_PRODUCT = YES;
			};
			name = Release;
		};
		041C978015CF4A5800E70EFC /* Debug */ = {
			isa = XCBuildConfiguration;
			baseConfigurationReference = A42948F85EE34FCFB4A5CABB /* Pods.xcconfig */;
			buildSettings = {
				FRAMEWORK_SEARCH_PATHS = (
					"$(inherited)",
					"\"$(DEVELOPER_FRAMEWORKS_DIR)\"",
				);
				GCC_PRECOMPILE_PREFIX_HEADER = YES;
				GCC_PREFIX_HEADER = "Imagine Alice/Imagine Alice-Prefix.pch";
				"HEADER_SEARCH_PATHS[arch=*]" = (
					"\"${PODS_ROOT}/Headers\"",
					"\"${PODS_ROOT}/Headers/CocoaLumberjack\"",
				);
				INFOPLIST_FILE = "Imagine Alice/Imagine Alice-Info.plist";
				PRODUCT_NAME = "$(TARGET_NAME)";
				WRAPPER_EXTENSION = app;
			};
			name = Debug;
		};
		041C978115CF4A5800E70EFC /* Release */ = {
			isa = XCBuildConfiguration;
			baseConfigurationReference = A42948F85EE34FCFB4A5CABB /* Pods.xcconfig */;
			buildSettings = {
				FRAMEWORK_SEARCH_PATHS = (
					"$(inherited)",
					"\"$(DEVELOPER_FRAMEWORKS_DIR)\"",
				);
				GCC_PRECOMPILE_PREFIX_HEADER = YES;
				GCC_PREFIX_HEADER = "Imagine Alice/Imagine Alice-Prefix.pch";
				INFOPLIST_FILE = "Imagine Alice/Imagine Alice-Info.plist";
				PRODUCT_NAME = "$(TARGET_NAME)";
				WRAPPER_EXTENSION = app;
			};
			name = Release;
		};
		04A0914515EE965900FE9410 /* Debug */ = {
			isa = XCBuildConfiguration;
			buildSettings = {
				FRAMEWORK_SEARCH_PATHS = (
					"$(SDKROOT)/Developer/Library/Frameworks",
					"$(DEVELOPER_LIBRARY_DIR)/Frameworks",
				);
				GCC_PRECOMPILE_PREFIX_HEADER = YES;
				GCC_PREFIX_HEADER = "IATorpedoTests/IATorpedoTests-Prefix.pch";
				INFOPLIST_FILE = "IATorpedoTests/IATorpedoTests-Info.plist";
				PRODUCT_NAME = "$(TARGET_NAME)";
				WRAPPER_EXTENSION = octest;
			};
			name = Debug;
		};
		04A0914615EE965900FE9410 /* Release */ = {
			isa = XCBuildConfiguration;
			buildSettings = {
				FRAMEWORK_SEARCH_PATHS = (
					"$(SDKROOT)/Developer/Library/Frameworks",
					"$(DEVELOPER_LIBRARY_DIR)/Frameworks",
				);
				GCC_PRECOMPILE_PREFIX_HEADER = YES;
				GCC_PREFIX_HEADER = "IATorpedoTests/IATorpedoTests-Prefix.pch";
				INFOPLIST_FILE = "IATorpedoTests/IATorpedoTests-Info.plist";
				PRODUCT_NAME = "$(TARGET_NAME)";
				WRAPPER_EXTENSION = octest;
			};
			name = Release;
		};
		04A0915E15EEB21E00FE9410 /* Debug */ = {
			isa = XCBuildConfiguration;
			baseConfigurationReference = 6C5C0FC330654685B5035F37 /* Pods-IARuleEngineTests.xcconfig */;
			buildSettings = {
				FRAMEWORK_SEARCH_PATHS = (
					"$(SDKROOT)/Developer/Library/Frameworks",
					"$(DEVELOPER_LIBRARY_DIR)/Frameworks",
				);
				GCC_PRECOMPILE_PREFIX_HEADER = YES;
				GCC_PREFIX_HEADER = "IARuleEngineTests/IARuleEngineTests-Prefix.pch";
				INFOPLIST_FILE = "IARuleEngineTests/IARuleEngineTests-Info.plist";
				PRODUCT_NAME = "$(TARGET_NAME)";
				WRAPPER_EXTENSION = octest;
			};
			name = Debug;
		};
		04A0915F15EEB21E00FE9410 /* Release */ = {
			isa = XCBuildConfiguration;
			baseConfigurationReference = 6C5C0FC330654685B5035F37 /* Pods-IARuleEngineTests.xcconfig */;
			buildSettings = {
				FRAMEWORK_SEARCH_PATHS = (
					"$(SDKROOT)/Developer/Library/Frameworks",
					"$(DEVELOPER_LIBRARY_DIR)/Frameworks",
				);
				GCC_PRECOMPILE_PREFIX_HEADER = YES;
				GCC_PREFIX_HEADER = "IARuleEngineTests/IARuleEngineTests-Prefix.pch";
				INFOPLIST_FILE = "IARuleEngineTests/IARuleEngineTests-Info.plist";
				PRODUCT_NAME = "$(TARGET_NAME)";
				WRAPPER_EXTENSION = octest;
			};
			name = Release;
		};
/* End XCBuildConfiguration section */

/* Begin XCConfigurationList section */
		04101DD515E43FEC006FB070 /* Build configuration list for PBXNativeTarget "IAGameObjectTests" */ = {
			isa = XCConfigurationList;
			buildConfigurations = (
				04101DD315E43FEC006FB070 /* Debug */,
				04101DD415E43FEC006FB070 /* Release */,
			);
			defaultConfigurationIsVisible = 0;
			defaultConfigurationName = Release;
		};
		04101DEC15E44A19006FB070 /* Build configuration list for PBXNativeTarget "IABoardTests" */ = {
			isa = XCConfigurationList;
			buildConfigurations = (
				04101DED15E44A19006FB070 /* Debug */,
				04101DEE15E44A19006FB070 /* Release */,
			);
			defaultConfigurationIsVisible = 0;
			defaultConfigurationName = Release;
		};
		041C975B15CF4A5700E70EFC /* Build configuration list for PBXProject "Imagine Alice" */ = {
			isa = XCConfigurationList;
			buildConfigurations = (
				041C977D15CF4A5800E70EFC /* Debug */,
				041C977E15CF4A5800E70EFC /* Release */,
			);
			defaultConfigurationIsVisible = 0;
			defaultConfigurationName = Release;
		};
		041C977F15CF4A5800E70EFC /* Build configuration list for PBXNativeTarget "Imagine Alice" */ = {
			isa = XCConfigurationList;
			buildConfigurations = (
				041C978015CF4A5800E70EFC /* Debug */,
				041C978115CF4A5800E70EFC /* Release */,
			);
			defaultConfigurationIsVisible = 0;
			defaultConfigurationName = Release;
		};
		04A0914415EE965900FE9410 /* Build configuration list for PBXNativeTarget "IATorpedoTests" */ = {
			isa = XCConfigurationList;
			buildConfigurations = (
				04A0914515EE965900FE9410 /* Debug */,
				04A0914615EE965900FE9410 /* Release */,
			);
			defaultConfigurationIsVisible = 0;
			defaultConfigurationName = Release;
		};
		04A0915D15EEB21E00FE9410 /* Build configuration list for PBXNativeTarget "IARuleEngineTests" */ = {
			isa = XCConfigurationList;
			buildConfigurations = (
				04A0915E15EEB21E00FE9410 /* Debug */,
				04A0915F15EEB21E00FE9410 /* Release */,
			);
			defaultConfigurationIsVisible = 0;
			defaultConfigurationName = Release;
		};
/* End XCConfigurationList section */
	};
	rootObject = 041C975815CF4A5700E70EFC /* Project object */;
}
